// !$*UTF8*$!
{
	archiveVersion = 1;
	classes = {
	};
	objectVersion = 56;
	objects = {

/* Begin PBXBuildFile section */
		610807BD2B51A98B007821B1 /* ImageCache.swift in Sources */ = {isa = PBXBuildFile; fileRef = 610807BC2B51A98B007821B1 /* ImageCache.swift */; };
		615165322B2DE0BC00A02D15 /* AppDelegate.swift in Sources */ = {isa = PBXBuildFile; fileRef = 615165312B2DE0BC00A02D15 /* AppDelegate.swift */; };
		6151653C2B2DE0BC00A02D15 /* FlickrPetProject.xcdatamodeld in Sources */ = {isa = PBXBuildFile; fileRef = 6151653A2B2DE0BC00A02D15 /* FlickrPetProject.xcdatamodeld */; };
		6151653E2B2DE0BE00A02D15 /* Assets.xcassets in Resources */ = {isa = PBXBuildFile; fileRef = 6151653D2B2DE0BE00A02D15 /* Assets.xcassets */; };
		615165412B2DE0BE00A02D15 /* LaunchScreen.storyboard in Resources */ = {isa = PBXBuildFile; fileRef = 6151653F2B2DE0BE00A02D15 /* LaunchScreen.storyboard */; };
		6151654E2B2DEA9200A02D15 /* MainTVC.swift in Sources */ = {isa = PBXBuildFile; fileRef = 6151654D2B2DEA9200A02D15 /* MainTVC.swift */; };
		61C789132B31926E00943CDF /* Localizable.strings in Resources */ = {isa = PBXBuildFile; fileRef = 61C789152B31926E00943CDF /* Localizable.strings */; };
		61C789192B31A08600943CDF /* CollectionViewCell.swift in Sources */ = {isa = PBXBuildFile; fileRef = 61C789172B31A08600943CDF /* CollectionViewCell.swift */; };
		61C7891A2B31A08600943CDF /* CollectionViewCell.xib in Resources */ = {isa = PBXBuildFile; fileRef = 61C789182B31A08600943CDF /* CollectionViewCell.xib */; };
		61C7891D2B31A7C800943CDF /* UserVC.swift in Sources */ = {isa = PBXBuildFile; fileRef = 61C7891B2B31A7C800943CDF /* UserVC.swift */; };
		61C7891E2B31A7C800943CDF /* UserVC.xib in Resources */ = {isa = PBXBuildFile; fileRef = 61C7891C2B31A7C800943CDF /* UserVC.xib */; };
		61C789202B31AF3500943CDF /* Model.swift in Sources */ = {isa = PBXBuildFile; fileRef = 61C7891F2B31AF3500943CDF /* Model.swift */; };
		61C789232B31B3D400943CDF /* Networker.swift in Sources */ = {isa = PBXBuildFile; fileRef = 61C789222B31B3D400943CDF /* Networker.swift */; };
		61C789262B31B7AE00943CDF /* Dynamic.swift in Sources */ = {isa = PBXBuildFile; fileRef = 61C789252B31B7AE00943CDF /* Dynamic.swift */; };
		61C789282B31BCC000943CDF /* UserViewModel.swift in Sources */ = {isa = PBXBuildFile; fileRef = 61C789272B31BCC000943CDF /* UserViewModel.swift */; };
		61C7892A2B31FAF700943CDF /* Extensions.swift in Sources */ = {isa = PBXBuildFile; fileRef = 61C789292B31FAF700943CDF /* Extensions.swift */; };
		61DFCE822B2DEBC10013F856 /* SearchVC.swift in Sources */ = {isa = PBXBuildFile; fileRef = 61DFCE802B2DEBC10013F856 /* SearchVC.swift */; };
		61DFCE832B2DEBC10013F856 /* SearchVC.xib in Resources */ = {isa = PBXBuildFile; fileRef = 61DFCE812B2DEBC10013F856 /* SearchVC.xib */; };
		61DFCE852B2DEC420013F856 /* Texts.swift in Sources */ = {isa = PBXBuildFile; fileRef = 61DFCE842B2DEC420013F856 /* Texts.swift */; };
		61FD39AA2B5304D0001E11EF /* UIScrollView_InfiniteScroll in Frameworks */ = {isa = PBXBuildFile; productRef = 61FD39A92B5304D0001E11EF /* UIScrollView_InfiniteScroll */; };
/* End PBXBuildFile section */

/* Begin PBXFileReference section */
		610807BC2B51A98B007821B1 /* ImageCache.swift */ = {isa = PBXFileReference; lastKnownFileType = sourcecode.swift; path = ImageCache.swift; sourceTree = "<group>"; };
		6151652E2B2DE0BC00A02D15 /* FlickrPetProject.app */ = {isa = PBXFileReference; explicitFileType = wrapper.application; includeInIndex = 0; path = FlickrPetProject.app; sourceTree = BUILT_PRODUCTS_DIR; };
		615165312B2DE0BC00A02D15 /* AppDelegate.swift */ = {isa = PBXFileReference; lastKnownFileType = sourcecode.swift; path = AppDelegate.swift; sourceTree = "<group>"; };
		6151653B2B2DE0BC00A02D15 /* FlickrPetProject.xcdatamodel */ = {isa = PBXFileReference; lastKnownFileType = wrapper.xcdatamodel; path = FlickrPetProject.xcdatamodel; sourceTree = "<group>"; };
		6151653D2B2DE0BE00A02D15 /* Assets.xcassets */ = {isa = PBXFileReference; lastKnownFileType = folder.assetcatalog; path = Assets.xcassets; sourceTree = "<group>"; };
		615165402B2DE0BE00A02D15 /* Base */ = {isa = PBXFileReference; lastKnownFileType = file.storyboard; name = Base; path = Base.lproj/LaunchScreen.storyboard; sourceTree = "<group>"; };
		615165422B2DE0BE00A02D15 /* Info.plist */ = {isa = PBXFileReference; lastKnownFileType = text.plist.xml; path = Info.plist; sourceTree = "<group>"; };
		6151654D2B2DEA9200A02D15 /* MainTVC.swift */ = {isa = PBXFileReference; lastKnownFileType = sourcecode.swift; path = MainTVC.swift; sourceTree = "<group>"; };
		61C789142B31926E00943CDF /* en */ = {isa = PBXFileReference; lastKnownFileType = text.plist.strings; name = en; path = en.lproj/Localizable.strings; sourceTree = "<group>"; };
		61C789162B31928E00943CDF /* ru */ = {isa = PBXFileReference; lastKnownFileType = text.plist.strings; name = ru; path = ru.lproj/Localizable.strings; sourceTree = "<group>"; };
		61C789172B31A08600943CDF /* CollectionViewCell.swift */ = {isa = PBXFileReference; lastKnownFileType = sourcecode.swift; path = CollectionViewCell.swift; sourceTree = "<group>"; };
		61C789182B31A08600943CDF /* CollectionViewCell.xib */ = {isa = PBXFileReference; lastKnownFileType = file.xib; path = CollectionViewCell.xib; sourceTree = "<group>"; };
		61C7891B2B31A7C800943CDF /* UserVC.swift */ = {isa = PBXFileReference; lastKnownFileType = sourcecode.swift; path = UserVC.swift; sourceTree = "<group>"; };
		61C7891C2B31A7C800943CDF /* UserVC.xib */ = {isa = PBXFileReference; lastKnownFileType = file.xib; path = UserVC.xib; sourceTree = "<group>"; };
		61C7891F2B31AF3500943CDF /* Model.swift */ = {isa = PBXFileReference; lastKnownFileType = sourcecode.swift; path = Model.swift; sourceTree = "<group>"; };
		61C789222B31B3D400943CDF /* Networker.swift */ = {isa = PBXFileReference; lastKnownFileType = sourcecode.swift; path = Networker.swift; sourceTree = "<group>"; };
		61C789252B31B7AE00943CDF /* Dynamic.swift */ = {isa = PBXFileReference; lastKnownFileType = sourcecode.swift; path = Dynamic.swift; sourceTree = "<group>"; };
		61C789272B31BCC000943CDF /* UserViewModel.swift */ = {isa = PBXFileReference; lastKnownFileType = sourcecode.swift; path = UserViewModel.swift; sourceTree = "<group>"; };
		61C789292B31FAF700943CDF /* Extensions.swift */ = {isa = PBXFileReference; lastKnownFileType = sourcecode.swift; path = Extensions.swift; sourceTree = "<group>"; };
		61DFCE802B2DEBC10013F856 /* SearchVC.swift */ = {isa = PBXFileReference; lastKnownFileType = sourcecode.swift; path = SearchVC.swift; sourceTree = "<group>"; };
		61DFCE812B2DEBC10013F856 /* SearchVC.xib */ = {isa = PBXFileReference; lastKnownFileType = file.xib; path = SearchVC.xib; sourceTree = "<group>"; };
		61DFCE842B2DEC420013F856 /* Texts.swift */ = {isa = PBXFileReference; lastKnownFileType = sourcecode.swift; path = Texts.swift; sourceTree = "<group>"; };
/* End PBXFileReference section */

/* Begin PBXFrameworksBuildPhase section */
		6151652B2B2DE0BC00A02D15 /* Frameworks */ = {
			isa = PBXFrameworksBuildPhase;
			buildActionMask = 2147483647;
			files = (
				61FD39AA2B5304D0001E11EF /* UIScrollView_InfiniteScroll in Frameworks */,
			);
			runOnlyForDeploymentPostprocessing = 0;
		};
/* End PBXFrameworksBuildPhase section */

/* Begin PBXGroup section */
		615165252B2DE0BC00A02D15 = {
			isa = PBXGroup;
			children = (
				615165302B2DE0BC00A02D15 /* FlickrPetProject */,
				6151652F2B2DE0BC00A02D15 /* Products */,
			);
			sourceTree = "<group>";
		};
		6151652F2B2DE0BC00A02D15 /* Products */ = {
			isa = PBXGroup;
			children = (
				6151652E2B2DE0BC00A02D15 /* FlickrPetProject.app */,
			);
			name = Products;
			sourceTree = "<group>";
		};
		615165302B2DE0BC00A02D15 /* FlickrPetProject */ = {
			isa = PBXGroup;
			children = (
				61C789212B31B3BE00943CDF /* Services */,
				6151654A2B2DE61500A02D15 /* ViewModels */,
				615165492B2DE60A00A02D15 /* Views */,
				615165482B2DE60100A02D15 /* Models */,
				6151654C2B2DE63100A02D15 /* Extensions */,
				6151654B2B2DE62100A02D15 /* Resources */,
			);
			path = FlickrPetProject;
			sourceTree = "<group>";
		};
		615165482B2DE60100A02D15 /* Models */ = {
			isa = PBXGroup;
			children = (
				61C7891F2B31AF3500943CDF /* Model.swift */,
			);
			path = Models;
			sourceTree = "<group>";
		};
		615165492B2DE60A00A02D15 /* Views */ = {
			isa = PBXGroup;
			children = (
				6151654D2B2DEA9200A02D15 /* MainTVC.swift */,
				61C7891B2B31A7C800943CDF /* UserVC.swift */,
				61C7891C2B31A7C800943CDF /* UserVC.xib */,
				61DFCE802B2DEBC10013F856 /* SearchVC.swift */,
				61DFCE812B2DEBC10013F856 /* SearchVC.xib */,
				61C789172B31A08600943CDF /* CollectionViewCell.swift */,
				61C789182B31A08600943CDF /* CollectionViewCell.xib */,
			);
			path = Views;
			sourceTree = "<group>";
		};
		6151654A2B2DE61500A02D15 /* ViewModels */ = {
			isa = PBXGroup;
			children = (
				61C789242B31B5AC00943CDF /* Binding */,
				61C789272B31BCC000943CDF /* UserViewModel.swift */,
			);
			path = ViewModels;
			sourceTree = "<group>";
		};
		6151654B2B2DE62100A02D15 /* Resources */ = {
			isa = PBXGroup;
			children = (
				6151653D2B2DE0BE00A02D15 /* Assets.xcassets */,
				615165422B2DE0BE00A02D15 /* Info.plist */,
				6151653F2B2DE0BE00A02D15 /* LaunchScreen.storyboard */,
				6151653A2B2DE0BC00A02D15 /* FlickrPetProject.xcdatamodeld */,
				615165312B2DE0BC00A02D15 /* AppDelegate.swift */,
				61DFCE842B2DEC420013F856 /* Texts.swift */,
				61C789152B31926E00943CDF /* Localizable.strings */,
			);
			path = Resources;
			sourceTree = "<group>";
		};
		6151654C2B2DE63100A02D15 /* Extensions */ = {
			isa = PBXGroup;
			children = (
				61C789292B31FAF700943CDF /* Extensions.swift */,
			);
			path = Extensions;
			sourceTree = "<group>";
		};
		61C789212B31B3BE00943CDF /* Services */ = {
			isa = PBXGroup;
			children = (
				61C789222B31B3D400943CDF /* Networker.swift */,
				610807BC2B51A98B007821B1 /* ImageCache.swift */,
			);
			path = Services;
			sourceTree = "<group>";
		};
		61C789242B31B5AC00943CDF /* Binding */ = {
			isa = PBXGroup;
			children = (
				61C789252B31B7AE00943CDF /* Dynamic.swift */,
			);
			path = Binding;
			sourceTree = "<group>";
		};
/* End PBXGroup section */

/* Begin PBXNativeTarget section */
		6151652D2B2DE0BC00A02D15 /* FlickrPetProject */ = {
			isa = PBXNativeTarget;
			buildConfigurationList = 615165452B2DE0BE00A02D15 /* Build configuration list for PBXNativeTarget "FlickrPetProject" */;
			buildPhases = (
				6151652A2B2DE0BC00A02D15 /* Sources */,
				6151652B2B2DE0BC00A02D15 /* Frameworks */,
				6151652C2B2DE0BC00A02D15 /* Resources */,
			);
			buildRules = (
			);
			dependencies = (
			);
			name = FlickrPetProject;
			packageProductDependencies = (
				61FD39A92B5304D0001E11EF /* UIScrollView_InfiniteScroll */,
			);
			productName = FlickrPetProject;
			productReference = 6151652E2B2DE0BC00A02D15 /* FlickrPetProject.app */;
			productType = "com.apple.product-type.application";
		};
/* End PBXNativeTarget section */

/* Begin PBXProject section */
		615165262B2DE0BC00A02D15 /* Project object */ = {
			isa = PBXProject;
			attributes = {
				BuildIndependentTargetsInParallel = 1;
				LastSwiftUpdateCheck = 1500;
				LastUpgradeCheck = 1500;
				TargetAttributes = {
					6151652D2B2DE0BC00A02D15 = {
						CreatedOnToolsVersion = 15.0.1;
					};
				};
			};
			buildConfigurationList = 615165292B2DE0BC00A02D15 /* Build configuration list for PBXProject "FlickrPetProject" */;
			compatibilityVersion = "Xcode 14.0";
			developmentRegion = en;
			hasScannedForEncodings = 0;
			knownRegions = (
				en,
				Base,
				ru,
			);
			mainGroup = 615165252B2DE0BC00A02D15;
			packageReferences = (
				61FD39A82B5304D0001E11EF /* XCRemoteSwiftPackageReference "UIScrollView-InfiniteScroll" */,
			);
			productRefGroup = 6151652F2B2DE0BC00A02D15 /* Products */;
			projectDirPath = "";
			projectRoot = "";
			targets = (
				6151652D2B2DE0BC00A02D15 /* FlickrPetProject */,
			);
		};
/* End PBXProject section */

/* Begin PBXResourcesBuildPhase section */
		6151652C2B2DE0BC00A02D15 /* Resources */ = {
			isa = PBXResourcesBuildPhase;
			buildActionMask = 2147483647;
			files = (
				61C789132B31926E00943CDF /* Localizable.strings in Resources */,
				61DFCE832B2DEBC10013F856 /* SearchVC.xib in Resources */,
				61C7891A2B31A08600943CDF /* CollectionViewCell.xib in Resources */,
				615165412B2DE0BE00A02D15 /* LaunchScreen.storyboard in Resources */,
				6151653E2B2DE0BE00A02D15 /* Assets.xcassets in Resources */,
				61C7891E2B31A7C800943CDF /* UserVC.xib in Resources */,
			);
			runOnlyForDeploymentPostprocessing = 0;
		};
/* End PBXResourcesBuildPhase section */

/* Begin PBXSourcesBuildPhase section */
		6151652A2B2DE0BC00A02D15 /* Sources */ = {
			isa = PBXSourcesBuildPhase;
			buildActionMask = 2147483647;
			files = (
				61C7891D2B31A7C800943CDF /* UserVC.swift in Sources */,
				610807BD2B51A98B007821B1 /* ImageCache.swift in Sources */,
				61C789282B31BCC000943CDF /* UserViewModel.swift in Sources */,
				61C789262B31B7AE00943CDF /* Dynamic.swift in Sources */,
				61DFCE852B2DEC420013F856 /* Texts.swift in Sources */,
				6151653C2B2DE0BC00A02D15 /* FlickrPetProject.xcdatamodeld in Sources */,
				61DFCE822B2DEBC10013F856 /* SearchVC.swift in Sources */,
				61C789192B31A08600943CDF /* CollectionViewCell.swift in Sources */,
				61C7892A2B31FAF700943CDF /* Extensions.swift in Sources */,
				61C789232B31B3D400943CDF /* Networker.swift in Sources */,
				6151654E2B2DEA9200A02D15 /* MainTVC.swift in Sources */,
				615165322B2DE0BC00A02D15 /* AppDelegate.swift in Sources */,
				61C789202B31AF3500943CDF /* Model.swift in Sources */,
			);
			runOnlyForDeploymentPostprocessing = 0;
		};
/* End PBXSourcesBuildPhase section */

/* Begin PBXVariantGroup section */
		6151653F2B2DE0BE00A02D15 /* LaunchScreen.storyboard */ = {
			isa = PBXVariantGroup;
			children = (
				615165402B2DE0BE00A02D15 /* Base */,
			);
			name = LaunchScreen.storyboard;
			sourceTree = "<group>";
		};
		61C789152B31926E00943CDF /* Localizable.strings */ = {
			isa = PBXVariantGroup;
			children = (
				61C789142B31926E00943CDF /* en */,
				61C789162B31928E00943CDF /* ru */,
			);
			name = Localizable.strings;
			sourceTree = "<group>";
		};
/* End PBXVariantGroup section */

/* Begin XCBuildConfiguration section */
		615165432B2DE0BE00A02D15 /* Debug */ = {
			isa = XCBuildConfiguration;
			buildSettings = {
				ALWAYS_SEARCH_USER_PATHS = NO;
				ASSETCATALOG_COMPILER_GENERATE_SWIFT_ASSET_SYMBOL_EXTENSIONS = YES;
				CLANG_ANALYZER_LOCALIZABILITY_NONLOCALIZED = YES;
				CLANG_ANALYZER_NONNULL = YES;
				CLANG_ANALYZER_NUMBER_OBJECT_CONVERSION = YES_AGGRESSIVE;
				CLANG_CXX_LANGUAGE_STANDARD = "gnu++20";
				CLANG_ENABLE_MODULES = YES;
				CLANG_ENABLE_OBJC_ARC = YES;
				CLANG_ENABLE_OBJC_WEAK = YES;
				CLANG_WARN_BLOCK_CAPTURE_AUTORELEASING = YES;
				CLANG_WARN_BOOL_CONVERSION = YES;
				CLANG_WARN_COMMA = YES;
				CLANG_WARN_CONSTANT_CONVERSION = YES;
				CLANG_WARN_DEPRECATED_OBJC_IMPLEMENTATIONS = YES;
				CLANG_WARN_DIRECT_OBJC_ISA_USAGE = YES_ERROR;
				CLANG_WARN_DOCUMENTATION_COMMENTS = YES;
				CLANG_WARN_EMPTY_BODY = YES;
				CLANG_WARN_ENUM_CONVERSION = YES;
				CLANG_WARN_INFINITE_RECURSION = YES;
				CLANG_WARN_INT_CONVERSION = YES;
				CLANG_WARN_NON_LITERAL_NULL_CONVERSION = YES;
				CLANG_WARN_OBJC_IMPLICIT_RETAIN_SELF = YES;
				CLANG_WARN_OBJC_LITERAL_CONVERSION = YES;
				CLANG_WARN_OBJC_ROOT_CLASS = YES_ERROR;
				CLANG_WARN_QUOTED_INCLUDE_IN_FRAMEWORK_HEADER = YES;
				CLANG_WARN_RANGE_LOOP_ANALYSIS = YES;
				CLANG_WARN_STRICT_PROTOTYPES = YES;
				CLANG_WARN_SUSPICIOUS_MOVE = YES;
				CLANG_WARN_UNGUARDED_AVAILABILITY = YES_AGGRESSIVE;
				CLANG_WARN_UNREACHABLE_CODE = YES;
				CLANG_WARN__DUPLICATE_METHOD_MATCH = YES;
				COPY_PHASE_STRIP = NO;
				DEBUG_INFORMATION_FORMAT = dwarf;
				ENABLE_STRICT_OBJC_MSGSEND = YES;
				ENABLE_TESTABILITY = YES;
				ENABLE_USER_SCRIPT_SANDBOXING = YES;
				GCC_C_LANGUAGE_STANDARD = gnu17;
				GCC_DYNAMIC_NO_PIC = NO;
				GCC_NO_COMMON_BLOCKS = YES;
				GCC_OPTIMIZATION_LEVEL = 0;
				GCC_PREPROCESSOR_DEFINITIONS = (
					"DEBUG=1",
					"$(inherited)",
				);
				GCC_WARN_64_TO_32_BIT_CONVERSION = YES;
				GCC_WARN_ABOUT_RETURN_TYPE = YES_ERROR;
				GCC_WARN_UNDECLARED_SELECTOR = YES;
				GCC_WARN_UNINITIALIZED_AUTOS = YES_AGGRESSIVE;
				GCC_WARN_UNUSED_FUNCTION = YES;
				GCC_WARN_UNUSED_VARIABLE = YES;
				IPHONEOS_DEPLOYMENT_TARGET = 17.0;
				LOCALIZATION_PREFERS_STRING_CATALOGS = YES;
				MTL_ENABLE_DEBUG_INFO = INCLUDE_SOURCE;
				MTL_FAST_MATH = YES;
				ONLY_ACTIVE_ARCH = YES;
				SDKROOT = iphoneos;
				SWIFT_ACTIVE_COMPILATION_CONDITIONS = "DEBUG $(inherited)";
				SWIFT_OPTIMIZATION_LEVEL = "-Onone";
			};
			name = Debug;
		};
		615165442B2DE0BE00A02D15 /* Release */ = {
			isa = XCBuildConfiguration;
			buildSettings = {
				ALWAYS_SEARCH_USER_PATHS = NO;
				ASSETCATALOG_COMPILER_GENERATE_SWIFT_ASSET_SYMBOL_EXTENSIONS = YES;
				CLANG_ANALYZER_LOCALIZABILITY_NONLOCALIZED = YES;
				CLANG_ANALYZER_NONNULL = YES;
				CLANG_ANALYZER_NUMBER_OBJECT_CONVERSION = YES_AGGRESSIVE;
				CLANG_CXX_LANGUAGE_STANDARD = "gnu++20";
				CLANG_ENABLE_MODULES = YES;
				CLANG_ENABLE_OBJC_ARC = YES;
				CLANG_ENABLE_OBJC_WEAK = YES;
				CLANG_WARN_BLOCK_CAPTURE_AUTORELEASING = YES;
				CLANG_WARN_BOOL_CONVERSION = YES;
				CLANG_WARN_COMMA = YES;
				CLANG_WARN_CONSTANT_CONVERSION = YES;
				CLANG_WARN_DEPRECATED_OBJC_IMPLEMENTATIONS = YES;
				CLANG_WARN_DIRECT_OBJC_ISA_USAGE = YES_ERROR;
				CLANG_WARN_DOCUMENTATION_COMMENTS = YES;
				CLANG_WARN_EMPTY_BODY = YES;
				CLANG_WARN_ENUM_CONVERSION = YES;
				CLANG_WARN_INFINITE_RECURSION = YES;
				CLANG_WARN_INT_CONVERSION = YES;
				CLANG_WARN_NON_LITERAL_NULL_CONVERSION = YES;
				CLANG_WARN_OBJC_IMPLICIT_RETAIN_SELF = YES;
				CLANG_WARN_OBJC_LITERAL_CONVERSION = YES;
				CLANG_WARN_OBJC_ROOT_CLASS = YES_ERROR;
				CLANG_WARN_QUOTED_INCLUDE_IN_FRAMEWORK_HEADER = YES;
				CLANG_WARN_RANGE_LOOP_ANALYSIS = YES;
				CLANG_WARN_STRICT_PROTOTYPES = YES;
				CLANG_WARN_SUSPICIOUS_MOVE = YES;
				CLANG_WARN_UNGUARDED_AVAILABILITY = YES_AGGRESSIVE;
				CLANG_WARN_UNREACHABLE_CODE = YES;
				CLANG_WARN__DUPLICATE_METHOD_MATCH = YES;
				COPY_PHASE_STRIP = NO;
				DEBUG_INFORMATION_FORMAT = "dwarf-with-dsym";
				ENABLE_NS_ASSERTIONS = NO;
				ENABLE_STRICT_OBJC_MSGSEND = YES;
				ENABLE_USER_SCRIPT_SANDBOXING = YES;
				GCC_C_LANGUAGE_STANDARD = gnu17;
				GCC_NO_COMMON_BLOCKS = YES;
				GCC_WARN_64_TO_32_BIT_CONVERSION = YES;
				GCC_WARN_ABOUT_RETURN_TYPE = YES_ERROR;
				GCC_WARN_UNDECLARED_SELECTOR = YES;
				GCC_WARN_UNINITIALIZED_AUTOS = YES_AGGRESSIVE;
				GCC_WARN_UNUSED_FUNCTION = YES;
				GCC_WARN_UNUSED_VARIABLE = YES;
				IPHONEOS_DEPLOYMENT_TARGET = 17.0;
				LOCALIZATION_PREFERS_STRING_CATALOGS = YES;
				MTL_ENABLE_DEBUG_INFO = NO;
				MTL_FAST_MATH = YES;
				SDKROOT = iphoneos;
				SWIFT_COMPILATION_MODE = wholemodule;
				VALIDATE_PRODUCT = YES;
			};
			name = Release;
		};
		615165462B2DE0BE00A02D15 /* Debug */ = {
			isa = XCBuildConfiguration;
			buildSettings = {
				ASSETCATALOG_COMPILER_APPICON_NAME = AppIcon;
				ASSETCATALOG_COMPILER_GLOBAL_ACCENT_COLOR_NAME = AccentColor;
				CODE_SIGN_STYLE = Automatic;
				CURRENT_PROJECT_VERSION = 1;
				DEVELOPMENT_TEAM = NL7Q67RJLP;
				GENERATE_INFOPLIST_FILE = YES;
				INFOPLIST_FILE = FlickrPetProject/Resources/Info.plist;
				INFOPLIST_KEY_UIApplicationSupportsIndirectInputEvents = YES;
				INFOPLIST_KEY_UILaunchStoryboardName = LaunchScreen;
				INFOPLIST_KEY_UISupportedInterfaceOrientations = UIInterfaceOrientationPortrait;
				INFOPLIST_KEY_UISupportedInterfaceOrientations_iPad = "UIInterfaceOrientationLandscapeLeft UIInterfaceOrientationLandscapeRight UIInterfaceOrientationPortrait UIInterfaceOrientationPortraitUpsideDown";
				IPHONEOS_DEPLOYMENT_TARGET = 13.0;
				LD_RUNPATH_SEARCH_PATHS = (
					"$(inherited)",
					"@executable_path/Frameworks",
				);
				MARKETING_VERSION = 1.0;
				PRODUCT_BUNDLE_IDENTIFIER = com.smalldevcloud.FlickrPetProject;
				PRODUCT_NAME = "$(TARGET_NAME)";
				SUPPORTED_PLATFORMS = "iphoneos iphonesimulator";
				SUPPORTS_MACCATALYST = NO;
				SUPPORTS_MAC_DESIGNED_FOR_IPHONE_IPAD = NO;
				SWIFT_EMIT_LOC_STRINGS = YES;
				SWIFT_VERSION = 5.0;
				TARGETED_DEVICE_FAMILY = 1;
			};
			name = Debug;
		};
		615165472B2DE0BE00A02D15 /* Release */ = {
			isa = XCBuildConfiguration;
			buildSettings = {
				ASSETCATALOG_COMPILER_APPICON_NAME = AppIcon;
				ASSETCATALOG_COMPILER_GLOBAL_ACCENT_COLOR_NAME = AccentColor;
				CODE_SIGN_STYLE = Automatic;
				CURRENT_PROJECT_VERSION = 1;
				DEVELOPMENT_TEAM = NL7Q67RJLP;
				GENERATE_INFOPLIST_FILE = YES;
				INFOPLIST_FILE = FlickrPetProject/Resources/Info.plist;
				INFOPLIST_KEY_UIApplicationSupportsIndirectInputEvents = YES;
				INFOPLIST_KEY_UILaunchStoryboardName = LaunchScreen;
				INFOPLIST_KEY_UISupportedInterfaceOrientations = UIInterfaceOrientationPortrait;
				INFOPLIST_KEY_UISupportedInterfaceOrientations_iPad = "UIInterfaceOrientationLandscapeLeft UIInterfaceOrientationLandscapeRight UIInterfaceOrientationPortrait UIInterfaceOrientationPortraitUpsideDown";
				IPHONEOS_DEPLOYMENT_TARGET = 13.0;
				LD_RUNPATH_SEARCH_PATHS = (
					"$(inherited)",
					"@executable_path/Frameworks",
				);
				MARKETING_VERSION = 1.0;
				PRODUCT_BUNDLE_IDENTIFIER = com.smalldevcloud.FlickrPetProject;
				PRODUCT_NAME = "$(TARGET_NAME)";
				SUPPORTED_PLATFORMS = "iphoneos iphonesimulator";
				SUPPORTS_MACCATALYST = NO;
				SUPPORTS_MAC_DESIGNED_FOR_IPHONE_IPAD = NO;
				SWIFT_EMIT_LOC_STRINGS = YES;
				SWIFT_VERSION = 5.0;
				TARGETED_DEVICE_FAMILY = 1;
			};
			name = Release;
		};
/* End XCBuildConfiguration section */

/* Begin XCConfigurationList section */
		615165292B2DE0BC00A02D15 /* Build configuration list for PBXProject "FlickrPetProject" */ = {
			isa = XCConfigurationList;
			buildConfigurations = (
				615165432B2DE0BE00A02D15 /* Debug */,
				615165442B2DE0BE00A02D15 /* Release */,
			);
			defaultConfigurationIsVisible = 0;
			defaultConfigurationName = Release;
		};
		615165452B2DE0BE00A02D15 /* Build configuration list for PBXNativeTarget "FlickrPetProject" */ = {
			isa = XCConfigurationList;
			buildConfigurations = (
				615165462B2DE0BE00A02D15 /* Debug */,
				615165472B2DE0BE00A02D15 /* Release */,
			);
			defaultConfigurationIsVisible = 0;
			defaultConfigurationName = Release;
		};
/* End XCConfigurationList section */

/* Begin XCRemoteSwiftPackageReference section */
		61FD39A82B5304D0001E11EF /* XCRemoteSwiftPackageReference "UIScrollView-InfiniteScroll" */ = {
			isa = XCRemoteSwiftPackageReference;
			repositoryURL = "https://github.com/pronebird/UIScrollView-InfiniteScroll";
			requirement = {
				kind = upToNextMajorVersion;
				minimumVersion = 1.3.0;
			};
		};
/* End XCRemoteSwiftPackageReference section */

/* Begin XCSwiftPackageProductDependency section */
		61FD39A92B5304D0001E11EF /* UIScrollView_InfiniteScroll */ = {
			isa = XCSwiftPackageProductDependency;
			package = 61FD39A82B5304D0001E11EF /* XCRemoteSwiftPackageReference "UIScrollView-InfiniteScroll" */;
			productName = UIScrollView_InfiniteScroll;
		};
/* End XCSwiftPackageProductDependency section */

/* Begin XCVersionGroup section */
		6151653A2B2DE0BC00A02D15 /* FlickrPetProject.xcdatamodeld */ = {
			isa = XCVersionGroup;
			children = (
				6151653B2B2DE0BC00A02D15 /* FlickrPetProject.xcdatamodel */,
			);
			currentVersion = 6151653B2B2DE0BC00A02D15 /* FlickrPetProject.xcdatamodel */;
			path = FlickrPetProject.xcdatamodeld;
			sourceTree = "<group>";
			versionGroupType = wrapper.xcdatamodel;
		};
/* End XCVersionGroup section */
	};
	rootObject = 615165262B2DE0BC00A02D15 /* Project object */;
}
