// !$*UTF8*$!
{
	archiveVersion = 1;
	classes = {
	};
	objectVersion = 56;
	objects = {

/* Begin PBXBuildFile section */
		615165322B2DE0BC00A02D15 /* AppDelegate.swift in Sources */ = {isa = PBXBuildFile; fileRef = 615165312B2DE0BC00A02D15 /* AppDelegate.swift */; };
		615165342B2DE0BC00A02D15 /* SceneDelegate.swift in Sources */ = {isa = PBXBuildFile; fileRef = 615165332B2DE0BC00A02D15 /* SceneDelegate.swift */; };
		615165362B2DE0BC00A02D15 /* ViewController.swift in Sources */ = {isa = PBXBuildFile; fileRef = 615165352B2DE0BC00A02D15 /* ViewController.swift */; };
		615165392B2DE0BC00A02D15 /* Main.storyboard in Resources */ = {isa = PBXBuildFile; fileRef = 615165372B2DE0BC00A02D15 /* Main.storyboard */; };
		6151653C2B2DE0BC00A02D15 /* FlickrPetProject.xcdatamodeld in Sources */ = {isa = PBXBuildFile; fileRef = 6151653A2B2DE0BC00A02D15 /* FlickrPetProject.xcdatamodeld */; };
		6151653E2B2DE0BE00A02D15 /* Assets.xcassets in Resources */ = {isa = PBXBuildFile; fileRef = 6151653D2B2DE0BE00A02D15 /* Assets.xcassets */; };
		615165412B2DE0BE00A02D15 /* LaunchScreen.storyboard in Resources */ = {isa = PBXBuildFile; fileRef = 6151653F2B2DE0BE00A02D15 /* LaunchScreen.storyboard */; };
/* End PBXBuildFile section */

/* Begin PBXFileReference section */
		6151652E2B2DE0BC00A02D15 /* FlickrPetProject.app */ = {isa = PBXFileReference; explicitFileType = wrapper.application; includeInIndex = 0; path = FlickrPetProject.app; sourceTree = BUILT_PRODUCTS_DIR; };
		615165312B2DE0BC00A02D15 /* AppDelegate.swift */ = {isa = PBXFileReference; lastKnownFileType = sourcecode.swift; path = AppDelegate.swift; sourceTree = "<group>"; };
		615165332B2DE0BC00A02D15 /* SceneDelegate.swift */ = {isa = PBXFileReference; lastKnownFileType = sourcecode.swift; path = SceneDelegate.swift; sourceTree = "<group>"; };
		615165352B2DE0BC00A02D15 /* ViewController.swift */ = {isa = PBXFileReference; lastKnownFileType = sourcecode.swift; path = ViewController.swift; sourceTree = "<group>"; };
		615165382B2DE0BC00A02D15 /* Base */ = {isa = PBXFileReference; lastKnownFileType = file.storyboard; name = Base; path = Base.lproj/Main.storyboard; sourceTree = "<group>"; };
		6151653B2B2DE0BC00A02D15 /* FlickrPetProject.xcdatamodel */ = {isa = PBXFileReference; lastKnownFileType = wrapper.xcdatamodel; path = FlickrPetProject.xcdatamodel; sourceTree = "<group>"; };
		6151653D2B2DE0BE00A02D15 /* Assets.xcassets */ = {isa = PBXFileReference; lastKnownFileType = folder.assetcatalog; path = Assets.xcassets; sourceTree = "<group>"; };
		615165402B2DE0BE00A02D15 /* Base */ = {isa = PBXFileReference; lastKnownFileType = file.storyboard; name = Base; path = Base.lproj/LaunchScreen.storyboard; sourceTree = "<group>"; };
		615165422B2DE0BE00A02D15 /* Info.plist */ = {isa = PBXFileReference; lastKnownFileType = text.plist.xml; path = Info.plist; sourceTree = "<group>"; };
/* End PBXFileReference section */

/* Begin PBXFrameworksBuildPhase section */
		6151652B2B2DE0BC00A02D15 /* Frameworks */ = {
			isa = PBXFrameworksBuildPhase;
			buildActionMask = 2147483647;
			files = (
			);
			runOnlyForDeploymentPostprocessing = 0;
		};
/* End PBXFrameworksBuildPhase section */

/* Begin PBXGroup section */
		615165252B2DE0BC00A02D15 = {
			isa = PBXGroup;
			children = (
				615165302B2DE0BC00A02D15 /* FlickrPetProject */,
				6151652F2B2DE0BC00A02D15 /* Products */,
			);
			sourceTree = "<group>";
		};
		6151652F2B2DE0BC00A02D15 /* Products */ = {
			isa = PBXGroup;
			children = (
				6151652E2B2DE0BC00A02D15 /* FlickrPetProject.app */,
			);
			name = Products;
			sourceTree = "<group>";
		};
		615165302B2DE0BC00A02D15 /* FlickrPetProject */ = {
			isa = PBXGroup;
			children = (
				615165312B2DE0BC00A02D15 /* AppDelegate.swift */,
				615165332B2DE0BC00A02D15 /* SceneDelegate.swift */,
				615165352B2DE0BC00A02D15 /* ViewController.swift */,
				615165372B2DE0BC00A02D15 /* Main.storyboard */,
				6151653D2B2DE0BE00A02D15 /* Assets.xcassets */,
				6151653F2B2DE0BE00A02D15 /* LaunchScreen.storyboard */,
				615165422B2DE0BE00A02D15 /* Info.plist */,
				6151653A2B2DE0BC00A02D15 /* FlickrPetProject.xcdatamodeld */,
			);
			path = FlickrPetProject;
			sourceTree = "<group>";
		};
/* End PBXGroup section */

/* Begin PBXNativeTarget section */
		6151652D2B2DE0BC00A02D15 /* FlickrPetProject */ = {
			isa = PBXNativeTarget;
			buildConfigurationList = 615165452B2DE0BE00A02D15 /* Build configuration list for PBXNativeTarget "FlickrPetProject" */;
			buildPhases = (
				6151652A2B2DE0BC00A02D15 /* Sources */,
				6151652B2B2DE0BC00A02D15 /* Frameworks */,
				6151652C2B2DE0BC00A02D15 /* Resources */,
			);
			buildRules = (
			);
			dependencies = (
			);
			name = FlickrPetProject;
			productName = FlickrPetProject;
			productReference = 6151652E2B2DE0BC00A02D15 /* FlickrPetProject.app */;
			productType = "com.apple.product-type.application";
		};
/* End PBXNativeTarget section */

/* Begin PBXProject section */
		615165262B2DE0BC00A02D15 /* Project object */ = {
			isa = PBXProject;
			attributes = {
				BuildIndependentTargetsInParallel = 1;
				LastSwiftUpdateCheck = 1500;
				LastUpgradeCheck = 1500;
				TargetAttributes = {
					6151652D2B2DE0BC00A02D15 = {
						CreatedOnToolsVersion = 15.0.1;
					};
				};
			};
			buildConfigurationList = 615165292B2DE0BC00A02D15 /* Build configuration list for PBXProject "FlickrPetProject" */;
			compatibilityVersion = "Xcode 14.0";
			developmentRegion = en;
			hasScannedForEncodings = 0;
			knownRegions = (
				en,
				Base,
			);
			mainGroup = 615165252B2DE0BC00A02D15;
			productRefGroup = 6151652F2B2DE0BC00A02D15 /* Products */;
			projectDirPath = "";
			projectRoot = "";
			targets = (
				6151652D2B2DE0BC00A02D15 /* FlickrPetProject */,
			);
		};
/* End PBXProject section */

/* Begin PBXResourcesBuildPhase section */
		6151652C2B2DE0BC00A02D15 /* Resources */ = {
			isa = PBXResourcesBuildPhase;
			buildActionMask = 2147483647;
			files = (
				615165412B2DE0BE00A02D15 /* LaunchScreen.storyboard in Resources */,
				6151653E2B2DE0BE00A02D15 /* Assets.xcassets in Resources */,
				615165392B2DE0BC00A02D15 /* Main.storyboard in Resources */,
			);
			runOnlyForDeploymentPostprocessing = 0;
		};
/* End PBXResourcesBuildPhase section */

/* Begin PBXSourcesBuildPhase section */
		6151652A2B2DE0BC00A02D15 /* Sources */ = {
			isa = PBXSourcesBuildPhase;
			buildActionMask = 2147483647;
			files = (
				6151653C2B2DE0BC00A02D15 /* FlickrPetProject.xcdatamodeld in Sources */,
				615165362B2DE0BC00A02D15 /* ViewController.swift in Sources */,
				615165322B2DE0BC00A02D15 /* AppDelegate.swift in Sources */,
				615165342B2DE0BC00A02D15 /* SceneDelegate.swift in Sources */,
			);
			runOnlyForDeploymentPostprocessing = 0;
		};
/* End PBXSourcesBuildPhase section */

/* Begin PBXVariantGroup section */
		615165372B2DE0BC00A02D15 /* Main.storyboard */ = {
			isa = PBXVariantGroup;
			children = (
				615165382B2DE0BC00A02D15 /* Base */,
			);
			name = Main.storyboard;
			sourceTree = "<group>";
		};
		6151653F2B2DE0BE00A02D15 /* LaunchScreen.storyboard */ = {
			isa = PBXVariantGroup;
			children = (
				615165402B2DE0BE00A02D15 /* Base */,
			);
			name = LaunchScreen.storyboard;
			sourceTree = "<group>";
		};
/* End PBXVariantGroup section */

/* Begin XCBuildConfiguration section */
		615165432B2DE0BE00A02D15 /* Debug */ = {
			isa = XCBuildConfiguration;
			buildSettings = {
				ALWAYS_SEARCH_USER_PATHS = NO;
				ASSETCATALOG_COMPILER_GENERATE_SWIFT_ASSET_SYMBOL_EXTENSIONS = YES;
				CLANG_ANALYZER_NONNULL = YES;
				CLANG_ANALYZER_NUMBER_OBJECT_CONVERSION = YES_AGGRESSIVE;
				CLANG_CXX_LANGUAGE_STANDARD = "gnu++20";
				CLANG_ENABLE_MODULES = YES;
				CLANG_ENABLE_OBJC_ARC = YES;
				CLANG_ENABLE_OBJC_WEAK = YES;
				CLANG_WARN_BLOCK_CAPTURE_AUTORELEASING = YES;
				CLANG_WARN_BOOL_CONVERSION = YES;
				CLANG_WARN_COMMA = YES;
				CLANG_WARN_CONSTANT_CONVERSION = YES;
				CLANG_WARN_DEPRECATED_OBJC_IMPLEMENTATIONS = YES;
				CLANG_WARN_DIRECT_OBJC_ISA_USAGE = YES_ERROR;
				CLANG_WARN_DOCUMENTATION_COMMENTS = YES;
				CLANG_WARN_EMPTY_BODY = YES;
				CLANG_WARN_ENUM_CONVERSION = YES;
				CLANG_WARN_INFINITE_RECURSION = YES;
				CLANG_WARN_INT_CONVERSION = YES;
				CLANG_WARN_NON_LITERAL_NULL_CONVERSION = YES;
				CLANG_WARN_OBJC_IMPLICIT_RETAIN_SELF = YES;
				CLANG_WARN_OBJC_LITERAL_CONVERSION = YES;
				CLANG_WARN_OBJC_ROOT_CLASS = YES_ERROR;
				CLANG_WARN_QUOTED_INCLUDE_IN_FRAMEWORK_HEADER = YES;
				CLANG_WARN_RANGE_LOOP_ANALYSIS = YES;
				CLANG_WARN_STRICT_PROTOTYPES = YES;
				CLANG_WARN_SUSPICIOUS_MOVE = YES;
				CLANG_WARN_UNGUARDED_AVAILABILITY = YES_AGGRESSIVE;
				CLANG_WARN_UNREACHABLE_CODE = YES;
				CLANG_WARN__DUPLICATE_METHOD_MATCH = YES;
				COPY_PHASE_STRIP = NO;
				DEBUG_INFORMATION_FORMAT = dwarf;
				ENABLE_STRICT_OBJC_MSGSEND = YES;
				ENABLE_TESTABILITY = YES;
				ENABLE_USER_SCRIPT_SANDBOXING = YES;
				GCC_C_LANGUAGE_STANDARD = gnu17;
				GCC_DYNAMIC_NO_PIC = NO;
				GCC_NO_COMMON_BLOCKS = YES;
				GCC_OPTIMIZATION_LEVEL = 0;
				GCC_PREPROCESSOR_DEFINITIONS = (
					"DEBUG=1",
					"$(inherited)",
				);
				GCC_WARN_64_TO_32_BIT_CONVERSION = YES;
				GCC_WARN_ABOUT_RETURN_TYPE = YES_ERROR;
				GCC_WARN_UNDECLARED_SELECTOR = YES;
				GCC_WARN_UNINITIALIZED_AUTOS = YES_AGGRESSIVE;
				GCC_WARN_UNUSED_FUNCTION = YES;
				GCC_WARN_UNUSED_VARIABLE = YES;
				IPHONEOS_DEPLOYMENT_TARGET = 17.0;
				LOCALIZATION_PREFERS_STRING_CATALOGS = YES;
				MTL_ENABLE_DEBUG_INFO = INCLUDE_SOURCE;
				MTL_FAST_MATH = YES;
				ONLY_ACTIVE_ARCH = YES;
				SDKROOT = iphoneos;
				SWIFT_ACTIVE_COMPILATION_CONDITIONS = "DEBUG $(inherited)";
				SWIFT_OPTIMIZATION_LEVEL = "-Onone";
			};
			name = Debug;
		};
		615165442B2DE0BE00A02D15 /* Release */ = {
			isa = XCBuildConfiguration;
			buildSettings = {
				ALWAYS_SEARCH_USER_PATHS = NO;
				ASSETCATALOG_COMPILER_GENERATE_SWIFT_ASSET_SYMBOL_EXTENSIONS = YES;
				CLANG_ANALYZER_NONNULL = YES;
				CLANG_ANALYZER_NUMBER_OBJECT_CONVERSION = YES_AGGRESSIVE;
				CLANG_CXX_LANGUAGE_STANDARD = "gnu++20";
				CLANG_ENABLE_MODULES = YES;
				CLANG_ENABLE_OBJC_ARC = YES;
				CLANG_ENABLE_OBJC_WEAK = YES;
				CLANG_WARN_BLOCK_CAPTURE_AUTORELEASING = YES;
				CLANG_WARN_BOOL_CONVERSION = YES;
				CLANG_WARN_COMMA = YES;
				CLANG_WARN_CONSTANT_CONVERSION = YES;
				CLANG_WARN_DEPRECATED_OBJC_IMPLEMENTATIONS = YES;
				CLANG_WARN_DIRECT_OBJC_ISA_USAGE = YES_ERROR;
				CLANG_WARN_DOCUMENTATION_COMMENTS = YES;
				CLANG_WARN_EMPTY_BODY = YES;
				CLANG_WARN_ENUM_CONVERSION = YES;
				CLANG_WARN_INFINITE_RECURSION = YES;
				CLANG_WARN_INT_CONVERSION = YES;
				CLANG_WARN_NON_LITERAL_NULL_CONVERSION = YES;
				CLANG_WARN_OBJC_IMPLICIT_RETAIN_SELF = YES;
				CLANG_WARN_OBJC_LITERAL_CONVERSION = YES;
				CLANG_WARN_OBJC_ROOT_CLASS = YES_ERROR;
				CLANG_WARN_QUOTED_INCLUDE_IN_FRAMEWORK_HEADER = YES;
				CLANG_WARN_RANGE_LOOP_ANALYSIS = YES;
				CLANG_WARN_STRICT_PROTOTYPES = YES;
				CLANG_WARN_SUSPICIOUS_MOVE = YES;
				CLANG_WARN_UNGUARDED_AVAILABILITY = YES_AGGRESSIVE;
				CLANG_WARN_UNREACHABLE_CODE = YES;
				CLANG_WARN__DUPLICATE_METHOD_MATCH = YES;
				COPY_PHASE_STRIP = NO;
				DEBUG_INFORMATION_FORMAT = "dwarf-with-dsym";
				ENABLE_NS_ASSERTIONS = NO;
				ENABLE_STRICT_OBJC_MSGSEND = YES;
				ENABLE_USER_SCRIPT_SANDBOXING = YES;
				GCC_C_LANGUAGE_STANDARD = gnu17;
				GCC_NO_COMMON_BLOCKS = YES;
				GCC_WARN_64_TO_32_BIT_CONVERSION = YES;
				GCC_WARN_ABOUT_RETURN_TYPE = YES_ERROR;
				GCC_WARN_UNDECLARED_SELECTOR = YES;
				GCC_WARN_UNINITIALIZED_AUTOS = YES_AGGRESSIVE;
				GCC_WARN_UNUSED_FUNCTION = YES;
				GCC_WARN_UNUSED_VARIABLE = YES;
				IPHONEOS_DEPLOYMENT_TARGET = 17.0;
				LOCALIZATION_PREFERS_STRING_CATALOGS = YES;
				MTL_ENABLE_DEBUG_INFO = NO;
				MTL_FAST_MATH = YES;
				SDKROOT = iphoneos;
				SWIFT_COMPILATION_MODE = wholemodule;
				VALIDATE_PRODUCT = YES;
			};
			name = Release;
		};
		615165462B2DE0BE00A02D15 /* Debug */ = {
			isa = XCBuildConfiguration;
			buildSettings = {
				ASSETCATALOG_COMPILER_APPICON_NAME = AppIcon;
				ASSETCATALOG_COMPILER_GLOBAL_ACCENT_COLOR_NAME = AccentColor;
				CODE_SIGN_STYLE = Automatic;
				CURRENT_PROJECT_VERSION = 1;
				DEVELOPMENT_TEAM = NL7Q67RJLP;
				GENERATE_INFOPLIST_FILE = YES;
				INFOPLIST_FILE = FlickrPetProject/Info.plist;
				INFOPLIST_KEY_UIApplicationSupportsIndirectInputEvents = YES;
				INFOPLIST_KEY_UILaunchStoryboardName = LaunchScreen;
				INFOPLIST_KEY_UIMainStoryboardFile = Main;
				INFOPLIST_KEY_UISupportedInterfaceOrientations_iPad = "UIInterfaceOrientationPortrait UIInterfaceOrientationPortraitUpsideDown UIInterfaceOrientationLandscapeLeft UIInterfaceOrientationLandscapeRight";
				INFOPLIST_KEY_UISupportedInterfaceOrientations_iPhone = "UIInterfaceOrientationPortrait UIInterfaceOrientationLandscapeLeft UIInterfaceOrientationLandscapeRight";
				LD_RUNPATH_SEARCH_PATHS = (
					"$(inherited)",
					"@executable_path/Frameworks",
				);
				MARKETING_VERSION = 1.0;
				PRODUCT_BUNDLE_IDENTIFIER = com.smalldevcloud.FlickrPetProject;
				PRODUCT_NAME = "$(TARGET_NAME)";
				SWIFT_EMIT_LOC_STRINGS = YES;
				SWIFT_VERSION = 5.0;
				TARGETED_DEVICE_FAMILY = "1,2";
			};
			name = Debug;
		};
		615165472B2DE0BE00A02D15 /* Release */ = {
			isa = XCBuildConfiguration;
			buildSettings = {
				ASSETCATALOG_COMPILER_APPICON_NAME = AppIcon;
				ASSETCATALOG_COMPILER_GLOBAL_ACCENT_COLOR_NAME = AccentColor;
				CODE_SIGN_STYLE = Automatic;
				CURRENT_PROJECT_VERSION = 1;
				DEVELOPMENT_TEAM = NL7Q67RJLP;
				GENERATE_INFOPLIST_FILE = YES;
				INFOPLIST_FILE = FlickrPetProject/Info.plist;
				INFOPLIST_KEY_UIApplicationSupportsIndirectInputEvents = YES;
				INFOPLIST_KEY_UILaunchStoryboardName = LaunchScreen;
				INFOPLIST_KEY_UIMainStoryboardFile = Main;
				INFOPLIST_KEY_UISupportedInterfaceOrientations_iPad = "UIInterfaceOrientationPortrait UIInterfaceOrientationPortraitUpsideDown UIInterfaceOrientationLandscapeLeft UIInterfaceOrientationLandscapeRight";
				INFOPLIST_KEY_UISupportedInterfaceOrientations_iPhone = "UIInterfaceOrientationPortrait UIInterfaceOrientationLandscapeLeft UIInterfaceOrientationLandscapeRight";
				LD_RUNPATH_SEARCH_PATHS = (
					"$(inherited)",
					"@executable_path/Frameworks",
				);
				MARKETING_VERSION = 1.0;
				PRODUCT_BUNDLE_IDENTIFIER = com.smalldevcloud.FlickrPetProject;
				PRODUCT_NAME = "$(TARGET_NAME)";
				SWIFT_EMIT_LOC_STRINGS = YES;
				SWIFT_VERSION = 5.0;
				TARGETED_DEVICE_FAMILY = "1,2";
			};
			name = Release;
		};
/* End XCBuildConfiguration section */

/* Begin XCConfigurationList section */
		615165292B2DE0BC00A02D15 /* Build configuration list for PBXProject "FlickrPetProject" */ = {
			isa = XCConfigurationList;
			buildConfigurations = (
				615165432B2DE0BE00A02D15 /* Debug */,
				615165442B2DE0BE00A02D15 /* Release */,
			);
			defaultConfigurationIsVisible = 0;
			defaultConfigurationName = Release;
		};
		615165452B2DE0BE00A02D15 /* Build configuration list for PBXNativeTarget "FlickrPetProject" */ = {
			isa = XCConfigurationList;
			buildConfigurations = (
				615165462B2DE0BE00A02D15 /* Debug */,
				615165472B2DE0BE00A02D15 /* Release */,
			);
			defaultConfigurationIsVisible = 0;
			defaultConfigurationName = Release;
		};
/* End XCConfigurationList section */

/* Begin XCVersionGroup section */
		6151653A2B2DE0BC00A02D15 /* FlickrPetProject.xcdatamodeld */ = {
			isa = XCVersionGroup;
			children = (
				6151653B2B2DE0BC00A02D15 /* FlickrPetProject.xcdatamodel */,
			);
			currentVersion = 6151653B2B2DE0BC00A02D15 /* FlickrPetProject.xcdatamodel */;
			path = FlickrPetProject.xcdatamodeld;
			sourceTree = "<group>";
			versionGroupType = wrapper.xcdatamodel;
		};
/* End XCVersionGroup section */
	};
	rootObject = 615165262B2DE0BC00A02D15 /* Project object */;
}
